{
  "name": "playwright-ava",
  "version": "1.0.0",
  "lockfileVersion": 1,
  "requires": true,
  "dependencies": {
    "awa": {
      "version": "1.0.0",
      "resolved": "https://registry.npmjs.org/awa/-/awa-1.0.0.tgz",
      "integrity": "sha512-SOHFB+hPGYKQcZry7qI5pxCc0HELhzSDI5Ve4jC9YWvDDdho+pSU6UTy/fRy1ydins5RAo+Y9Mbec7QtK6Clew=="
    },
    "playwright": {
      "version": "1.22.2",
      "resolved": "https://registry.npmjs.org/playwright/-/playwright-1.22.2.tgz",
      "integrity": "sha512-hUTpg7LytIl3/O4t0AQJS1V6hWsaSY5uZ7w1oCC8r3a1AQN5d6otIdCkiB3cbzgQkcMaRxisinjMFMVqZkybdQ==",
      "requires": {
        "playwright-core": "1.22.2"
      },
      "dependencies": {
        "playwright-core": {
          "version": "1.22.2",
          "resolved": "https://registry.npmjs.org/playwright-core/-/playwright-core-1.22.2.tgz",
          "integrity": "sha512-w/hc/Ld0RM4pmsNeE6aL/fPNWw8BWit2tg+TfqJ3+p59c6s3B6C8mXvXrIPmfQEobkcFDc+4KirNzOQ+uBSP1Q=="
        }
      }
    },
    "prettier": {
      "version": "2.6.2",
      "resolved": "https://registry.npmjs.org/prettier/-/prettier-2.6.2.tgz",
      "integrity": "sha512-PkUpF+qoXTqhOeWL9fu7As8LXsIUZ1WYaJiY/a7McAQzxjk82OF0tibkFXVCDImZtWxbvojFjerkiLb0/q8mew=="
    }
  }
}
